// !$*UTF8*$!
{
	archiveVersion = 1;
	classes = {
	};
	objectVersion = 50;
	objects = {

/* Begin PBXBuildFile section */
		AC5CDFC92154DB2F00F73501 /* AppDelegate.m in Sources */ = {isa = PBXBuildFile; fileRef = AC5CDFC82154DB2F00F73501 /* AppDelegate.m */; };
		AC5CDFCC2154DB2F00F73501 /* ViewController.m in Sources */ = {isa = PBXBuildFile; fileRef = AC5CDFCB2154DB2F00F73501 /* ViewController.m */; };
		AC5CDFCF2154DB2F00F73501 /* Main.storyboard in Resources */ = {isa = PBXBuildFile; fileRef = AC5CDFCD2154DB2F00F73501 /* Main.storyboard */; };
		AC5CDFD12154DB3000F73501 /* Assets.xcassets in Resources */ = {isa = PBXBuildFile; fileRef = AC5CDFD02154DB3000F73501 /* Assets.xcassets */; };
		AC5CDFD42154DB3000F73501 /* LaunchScreen.storyboard in Resources */ = {isa = PBXBuildFile; fileRef = AC5CDFD22154DB3000F73501 /* LaunchScreen.storyboard */; };
		AC5CDFD72154DB3000F73501 /* main.m in Sources */ = {isa = PBXBuildFile; fileRef = AC5CDFD62154DB3000F73501 /* main.m */; };
		AC5CDFEA2154DFE600F73501 /* UIColor+Extension.m in Sources */ = {isa = PBXBuildFile; fileRef = AC5CDFDF2154DFE500F73501 /* UIColor+Extension.m */; };
		AC5CDFEB2154DFE600F73501 /* UIButton+Extension.m in Sources */ = {isa = PBXBuildFile; fileRef = AC5CDFE22154DFE500F73501 /* UIButton+Extension.m */; };
		AC5CDFEC2154DFE600F73501 /* UIImageView+Extension.m in Sources */ = {isa = PBXBuildFile; fileRef = AC5CDFE32154DFE500F73501 /* UIImageView+Extension.m */; };
		AC5CDFED2154DFE600F73501 /* UIBarButtonItem+Extension.m in Sources */ = {isa = PBXBuildFile; fileRef = AC5CDFE62154DFE500F73501 /* UIBarButtonItem+Extension.m */; };
		AC5CDFEE2154DFE600F73501 /* UIImage+Extension.m in Sources */ = {isa = PBXBuildFile; fileRef = AC5CDFE72154DFE500F73501 /* UIImage+Extension.m */; };
		AC5CDFEF2154DFE600F73501 /* UILabel+Extension.m in Sources */ = {isa = PBXBuildFile; fileRef = AC5CDFE92154DFE500F73501 /* UILabel+Extension.m */; };
/* End PBXBuildFile section */

/* Begin PBXFileReference section */
		AC5CDFC42154DB2F00F73501 /* UIExtensionDemo.app */ = {isa = PBXFileReference; explicitFileType = wrapper.application; includeInIndex = 0; path = UIExtensionDemo.app; sourceTree = BUILT_PRODUCTS_DIR; };
		AC5CDFC72154DB2F00F73501 /* AppDelegate.h */ = {isa = PBXFileReference; lastKnownFileType = sourcecode.c.h; path = AppDelegate.h; sourceTree = "<group>"; };
		AC5CDFC82154DB2F00F73501 /* AppDelegate.m */ = {isa = PBXFileReference; lastKnownFileType = sourcecode.c.objc; path = AppDelegate.m; sourceTree = "<group>"; };
		AC5CDFCA2154DB2F00F73501 /* ViewController.h */ = {isa = PBXFileReference; lastKnownFileType = sourcecode.c.h; path = ViewController.h; sourceTree = "<group>"; };
		AC5CDFCB2154DB2F00F73501 /* ViewController.m */ = {isa = PBXFileReference; lastKnownFileType = sourcecode.c.objc; path = ViewController.m; sourceTree = "<group>"; };
		AC5CDFCE2154DB2F00F73501 /* Base */ = {isa = PBXFileReference; lastKnownFileType = file.storyboard; name = Base; path = Base.lproj/Main.storyboard; sourceTree = "<group>"; };
		AC5CDFD02154DB3000F73501 /* Assets.xcassets */ = {isa = PBXFileReference; lastKnownFileType = folder.assetcatalog; path = Assets.xcassets; sourceTree = "<group>"; };
		AC5CDFD32154DB3000F73501 /* Base */ = {isa = PBXFileReference; lastKnownFileType = file.storyboard; name = Base; path = Base.lproj/LaunchScreen.storyboard; sourceTree = "<group>"; };
		AC5CDFD52154DB3000F73501 /* Info.plist */ = {isa = PBXFileReference; lastKnownFileType = text.plist.xml; path = Info.plist; sourceTree = "<group>"; };
		AC5CDFD62154DB3000F73501 /* main.m */ = {isa = PBXFileReference; lastKnownFileType = sourcecode.c.objc; path = main.m; sourceTree = "<group>"; };
		AC5CDFDE2154DFE500F73501 /* UIImage+Extension.h */ = {isa = PBXFileReference; fileEncoding = 4; lastKnownFileType = sourcecode.c.h; path = "UIImage+Extension.h"; sourceTree = "<group>"; };
		AC5CDFDF2154DFE500F73501 /* UIColor+Extension.m */ = {isa = PBXFileReference; fileEncoding = 4; lastKnownFileType = sourcecode.c.objc; path = "UIColor+Extension.m"; sourceTree = "<group>"; };
		AC5CDFE02154DFE500F73501 /* UIBarButtonItem+Extension.h */ = {isa = PBXFileReference; fileEncoding = 4; lastKnownFileType = sourcecode.c.h; path = "UIBarButtonItem+Extension.h"; sourceTree = "<group>"; };
		AC5CDFE12154DFE500F73501 /* UIImageView+Extension.h */ = {isa = PBXFileReference; fileEncoding = 4; lastKnownFileType = sourcecode.c.h; path = "UIImageView+Extension.h"; sourceTree = "<group>"; };
		AC5CDFE22154DFE500F73501 /* UIButton+Extension.m */ = {isa = PBXFileReference; fileEncoding = 4; lastKnownFileType = sourcecode.c.objc; path = "UIButton+Extension.m"; sourceTree = "<group>"; };
		AC5CDFE32154DFE500F73501 /* UIImageView+Extension.m */ = {isa = PBXFileReference; fileEncoding = 4; lastKnownFileType = sourcecode.c.objc; path = "UIImageView+Extension.m"; sourceTree = "<group>"; };
		AC5CDFE42154DFE500F73501 /* UIButton+Extension.h */ = {isa = PBXFileReference; fileEncoding = 4; lastKnownFileType = sourcecode.c.h; path = "UIButton+Extension.h"; sourceTree = "<group>"; };
		AC5CDFE52154DFE500F73501 /* UIColor+Extension.h */ = {isa = PBXFileReference; fileEncoding = 4; lastKnownFileType = sourcecode.c.h; path = "UIColor+Extension.h"; sourceTree = "<group>"; };
		AC5CDFE62154DFE500F73501 /* UIBarButtonItem+Extension.m */ = {isa = PBXFileReference; fileEncoding = 4; lastKnownFileType = sourcecode.c.objc; path = "UIBarButtonItem+Extension.m"; sourceTree = "<group>"; };
		AC5CDFE72154DFE500F73501 /* UIImage+Extension.m */ = {isa = PBXFileReference; fileEncoding = 4; lastKnownFileType = sourcecode.c.objc; path = "UIImage+Extension.m"; sourceTree = "<group>"; };
		AC5CDFE82154DFE500F73501 /* UILabel+Extension.h */ = {isa = PBXFileReference; fileEncoding = 4; lastKnownFileType = sourcecode.c.h; path = "UILabel+Extension.h"; sourceTree = "<group>"; };
		AC5CDFE92154DFE500F73501 /* UILabel+Extension.m */ = {isa = PBXFileReference; fileEncoding = 4; lastKnownFileType = sourcecode.c.objc; path = "UILabel+Extension.m"; sourceTree = "<group>"; };
/* End PBXFileReference section */

/* Begin PBXFrameworksBuildPhase section */
		AC5CDFC12154DB2F00F73501 /* Frameworks */ = {
			isa = PBXFrameworksBuildPhase;
			buildActionMask = 2147483647;
			files = (
			);
			runOnlyForDeploymentPostprocessing = 0;
		};
/* End PBXFrameworksBuildPhase section */

/* Begin PBXGroup section */
		AC5CDFBB2154DB2F00F73501 = {
			isa = PBXGroup;
			children = (
				AC5CDFC62154DB2F00F73501 /* UIExtensionDemo */,
				AC5CDFC52154DB2F00F73501 /* Products */,
			);
			sourceTree = "<group>";
		};
		AC5CDFC52154DB2F00F73501 /* Products */ = {
			isa = PBXGroup;
			children = (
				AC5CDFC42154DB2F00F73501 /* UIExtensionDemo.app */,
			);
			name = Products;
			sourceTree = "<group>";
		};
		AC5CDFC62154DB2F00F73501 /* UIExtensionDemo */ = {
			isa = PBXGroup;
			children = (
				AC5CDFDD2154DF4100F73501 /* UIExtension */,
				AC5CDFC72154DB2F00F73501 /* AppDelegate.h */,
				AC5CDFC82154DB2F00F73501 /* AppDelegate.m */,
				AC5CDFCA2154DB2F00F73501 /* ViewController.h */,
				AC5CDFCB2154DB2F00F73501 /* ViewController.m */,
				AC5CDFCD2154DB2F00F73501 /* Main.storyboard */,
				AC5CDFD02154DB3000F73501 /* Assets.xcassets */,
				AC5CDFD22154DB3000F73501 /* LaunchScreen.storyboard */,
				AC5CDFD52154DB3000F73501 /* Info.plist */,
				AC5CDFD62154DB3000F73501 /* main.m */,
			);
			path = UIExtensionDemo;
			sourceTree = "<group>";
		};
		AC5CDFDD2154DF4100F73501 /* UIExtension */ = {
			isa = PBXGroup;
			children = (
				AC5CDFE02154DFE500F73501 /* UIBarButtonItem+Extension.h */,
				AC5CDFE62154DFE500F73501 /* UIBarButtonItem+Extension.m */,
				AC5CDFE42154DFE500F73501 /* UIButton+Extension.h */,
				AC5CDFE22154DFE500F73501 /* UIButton+Extension.m */,
				AC5CDFE52154DFE500F73501 /* UIColor+Extension.h */,
				AC5CDFDF2154DFE500F73501 /* UIColor+Extension.m */,
				AC5CDFDE2154DFE500F73501 /* UIImage+Extension.h */,
				AC5CDFE72154DFE500F73501 /* UIImage+Extension.m */,
				AC5CDFE12154DFE500F73501 /* UIImageView+Extension.h */,
				AC5CDFE32154DFE500F73501 /* UIImageView+Extension.m */,
				AC5CDFE82154DFE500F73501 /* UILabel+Extension.h */,
				AC5CDFE92154DFE500F73501 /* UILabel+Extension.m */,
			);
			path = UIExtension;
			sourceTree = "<group>";
		};
/* End PBXGroup section */

/* Begin PBXNativeTarget section */
		AC5CDFC32154DB2F00F73501 /* UIExtensionDemo */ = {
			isa = PBXNativeTarget;
			buildConfigurationList = AC5CDFDA2154DB3000F73501 /* Build configuration list for PBXNativeTarget "UIExtensionDemo" */;
			buildPhases = (
				AC5CDFC02154DB2F00F73501 /* Sources */,
				AC5CDFC12154DB2F00F73501 /* Frameworks */,
				AC5CDFC22154DB2F00F73501 /* Resources */,
			);
			buildRules = (
			);
			dependencies = (
			);
			name = UIExtensionDemo;
			productName = UIExtensionDemo;
			productReference = AC5CDFC42154DB2F00F73501 /* UIExtensionDemo.app */;
			productType = "com.apple.product-type.application";
		};
/* End PBXNativeTarget section */

/* Begin PBXProject section */
		AC5CDFBC2154DB2F00F73501 /* Project object */ = {
			isa = PBXProject;
			attributes = {
				LastUpgradeCheck = 1000;
				ORGANIZATIONNAME = youminuo;
				TargetAttributes = {
					AC5CDFC32154DB2F00F73501 = {
						CreatedOnToolsVersion = 10.0;
					};
				};
			};
			buildConfigurationList = AC5CDFBF2154DB2F00F73501 /* Build configuration list for PBXProject "UIExtensionDemo" */;
			compatibilityVersion = "Xcode 9.3";
			developmentRegion = en;
			hasScannedForEncodings = 0;
			knownRegions = (
				en,
				Base,
			);
			mainGroup = AC5CDFBB2154DB2F00F73501;
			productRefGroup = AC5CDFC52154DB2F00F73501 /* Products */;
			projectDirPath = "";
			projectRoot = "";
			targets = (
				AC5CDFC32154DB2F00F73501 /* UIExtensionDemo */,
			);
		};
/* End PBXProject section */

/* Begin PBXResourcesBuildPhase section */
		AC5CDFC22154DB2F00F73501 /* Resources */ = {
			isa = PBXResourcesBuildPhase;
			buildActionMask = 2147483647;
			files = (
				AC5CDFD42154DB3000F73501 /* LaunchScreen.storyboard in Resources */,
				AC5CDFD12154DB3000F73501 /* Assets.xcassets in Resources */,
				AC5CDFCF2154DB2F00F73501 /* Main.storyboard in Resources */,
			);
			runOnlyForDeploymentPostprocessing = 0;
		};
/* End PBXResourcesBuildPhase section */

/* Begin PBXSourcesBuildPhase section */
		AC5CDFC02154DB2F00F73501 /* Sources */ = {
			isa = PBXSourcesBuildPhase;
			buildActionMask = 2147483647;
			files = (
				AC5CDFEF2154DFE600F73501 /* UILabel+Extension.m in Sources */,
				AC5CDFEB2154DFE600F73501 /* UIButton+Extension.m in Sources */,
				AC5CDFED2154DFE600F73501 /* UIBarButtonItem+Extension.m in Sources */,
				AC5CDFCC2154DB2F00F73501 /* ViewController.m in Sources */,
				AC5CDFD72154DB3000F73501 /* main.m in Sources */,
				AC5CDFC92154DB2F00F73501 /* AppDelegate.m in Sources */,
				AC5CDFEC2154DFE600F73501 /* UIImageView+Extension.m in Sources */,
				AC5CDFEA2154DFE600F73501 /* UIColor+Extension.m in Sources */,
				AC5CDFEE2154DFE600F73501 /* UIImage+Extension.m in Sources */,
			);
			runOnlyForDeploymentPostprocessing = 0;
		};
/* End PBXSourcesBuildPhase section */

/* Begin PBXVariantGroup section */
		AC5CDFCD2154DB2F00F73501 /* Main.storyboard */ = {
			isa = PBXVariantGroup;
			children = (
				AC5CDFCE2154DB2F00F73501 /* Base */,
			);
			name = Main.storyboard;
			sourceTree = "<group>";
		};
		AC5CDFD22154DB3000F73501 /* LaunchScreen.storyboard */ = {
			isa = PBXVariantGroup;
			children = (
				AC5CDFD32154DB3000F73501 /* Base */,
			);
			name = LaunchScreen.storyboard;
			sourceTree = "<group>";
		};
/* End PBXVariantGroup section */

/* Begin XCBuildConfiguration section */
		AC5CDFD82154DB3000F73501 /* Debug */ = {
			isa = XCBuildConfiguration;
			buildSettings = {
				ALWAYS_SEARCH_USER_PATHS = NO;
				CLANG_ANALYZER_NONNULL = YES;
				CLANG_ANALYZER_NUMBER_OBJECT_CONVERSION = YES_AGGRESSIVE;
				CLANG_CXX_LANGUAGE_STANDARD = "gnu++14";
				CLANG_CXX_LIBRARY = "libc++";
				CLANG_ENABLE_MODULES = YES;
				CLANG_ENABLE_OBJC_ARC = YES;
				CLANG_ENABLE_OBJC_WEAK = YES;
				CLANG_WARN_BLOCK_CAPTURE_AUTORELEASING = YES;
				CLANG_WARN_BOOL_CONVERSION = YES;
				CLANG_WARN_COMMA = YES;
				CLANG_WARN_CONSTANT_CONVERSION = YES;
				CLANG_WARN_DEPRECATED_OBJC_IMPLEMENTATIONS = YES;
				CLANG_WARN_DIRECT_OBJC_ISA_USAGE = YES_ERROR;
				CLANG_WARN_DOCUMENTATION_COMMENTS = YES;
				CLANG_WARN_EMPTY_BODY = YES;
				CLANG_WARN_ENUM_CONVERSION = YES;
				CLANG_WARN_INFINITE_RECURSION = YES;
				CLANG_WARN_INT_CONVERSION = YES;
				CLANG_WARN_NON_LITERAL_NULL_CONVERSION = YES;
				CLANG_WARN_OBJC_IMPLICIT_RETAIN_SELF = YES;
				CLANG_WARN_OBJC_LITERAL_CONVERSION = YES;
				CLANG_WARN_OBJC_ROOT_CLASS = YES_ERROR;
				CLANG_WARN_RANGE_LOOP_ANALYSIS = YES;
				CLANG_WARN_STRICT_PROTOTYPES = YES;
				CLANG_WARN_SUSPICIOUS_MOVE = YES;
				CLANG_WARN_UNGUARDED_AVAILABILITY = YES_AGGRESSIVE;
				CLANG_WARN_UNREACHABLE_CODE = YES;
				CLANG_WARN__DUPLICATE_METHOD_MATCH = YES;
				CODE_SIGN_IDENTITY = "iPhone Developer";
				COPY_PHASE_STRIP = NO;
				DEBUG_INFORMATION_FORMAT = dwarf;
				ENABLE_STRICT_OBJC_MSGSEND = YES;
				ENABLE_TESTABILITY = YES;
				GCC_C_LANGUAGE_STANDARD = gnu11;
				GCC_DYNAMIC_NO_PIC = NO;
				GCC_NO_COMMON_BLOCKS = YES;
				GCC_OPTIMIZATION_LEVEL = 0;
				GCC_PREPROCESSOR_DEFINITIONS = (
					"DEBUG=1",
					"$(inherited)",
				);
				GCC_WARN_64_TO_32_BIT_CONVERSION = YES;
				GCC_WARN_ABOUT_RETURN_TYPE = YES_ERROR;
				GCC_WARN_UNDECLARED_SELECTOR = YES;
				GCC_WARN_UNINITIALIZED_AUTOS = YES_AGGRESSIVE;
				GCC_WARN_UNUSED_FUNCTION = YES;
				GCC_WARN_UNUSED_VARIABLE = YES;
				IPHONEOS_DEPLOYMENT_TARGET = 12.0;
				MTL_ENABLE_DEBUG_INFO = INCLUDE_SOURCE;
				MTL_FAST_MATH = YES;
				ONLY_ACTIVE_ARCH = YES;
				SDKROOT = iphoneos;
			};
			name = Debug;
		};
		AC5CDFD92154DB3000F73501 /* Release */ = {
			isa = XCBuildConfiguration;
			buildSettings = {
				ALWAYS_SEARCH_USER_PATHS = NO;
				CLANG_ANALYZER_NONNULL = YES;
				CLANG_ANALYZER_NUMBER_OBJECT_CONVERSION = YES_AGGRESSIVE;
				CLANG_CXX_LANGUAGE_STANDARD = "gnu++14";
				CLANG_CXX_LIBRARY = "libc++";
				CLANG_ENABLE_MODULES = YES;
				CLANG_ENABLE_OBJC_ARC = YES;
				CLANG_ENABLE_OBJC_WEAK = YES;
				CLANG_WARN_BLOCK_CAPTURE_AUTORELEASING = YES;
				CLANG_WARN_BOOL_CONVERSION = YES;
				CLANG_WARN_COMMA = YES;
				CLANG_WARN_CONSTANT_CONVERSION = YES;
				CLANG_WARN_DEPRECATED_OBJC_IMPLEMENTATIONS = YES;
				CLANG_WARN_DIRECT_OBJC_ISA_USAGE = YES_ERROR;
				CLANG_WARN_DOCUMENTATION_COMMENTS = YES;
				CLANG_WARN_EMPTY_BODY = YES;
				CLANG_WARN_ENUM_CONVERSION = YES;
				CLANG_WARN_INFINITE_RECURSION = YES;
				CLANG_WARN_INT_CONVERSION = YES;
				CLANG_WARN_NON_LITERAL_NULL_CONVERSION = YES;
				CLANG_WARN_OBJC_IMPLICIT_RETAIN_SELF = YES;
				CLANG_WARN_OBJC_LITERAL_CONVERSION = YES;
				CLANG_WARN_OBJC_ROOT_CLASS = YES_ERROR;
				CLANG_WARN_RANGE_LOOP_ANALYSIS = YES;
				CLANG_WARN_STRICT_PROTOTYPES = YES;
				CLANG_WARN_SUSPICIOUS_MOVE = YES;
				CLANG_WARN_UNGUARDED_AVAILABILITY = YES_AGGRESSIVE;
				CLANG_WARN_UNREACHABLE_CODE = YES;
				CLANG_WARN__DUPLICATE_METHOD_MATCH = YES;
				CODE_SIGN_IDENTITY = "iPhone Developer";
				COPY_PHASE_STRIP = NO;
				DEBUG_INFORMATION_FORMAT = "dwarf-with-dsym";
				ENABLE_NS_ASSERTIONS = NO;
				ENABLE_STRICT_OBJC_MSGSEND = YES;
				GCC_C_LANGUAGE_STANDARD = gnu11;
				GCC_NO_COMMON_BLOCKS = YES;
				GCC_WARN_64_TO_32_BIT_CONVERSION = YES;
				GCC_WARN_ABOUT_RETURN_TYPE = YES_ERROR;
				GCC_WARN_UNDECLARED_SELECTOR = YES;
				GCC_WARN_UNINITIALIZED_AUTOS = YES_AGGRESSIVE;
				GCC_WARN_UNUSED_FUNCTION = YES;
				GCC_WARN_UNUSED_VARIABLE = YES;
				IPHONEOS_DEPLOYMENT_TARGET = 12.0;
				MTL_ENABLE_DEBUG_INFO = NO;
				MTL_FAST_MATH = YES;
				SDKROOT = iphoneos;
				VALIDATE_PRODUCT = YES;
			};
			name = Release;
		};
		AC5CDFDB2154DB3000F73501 /* Debug */ = {
			isa = XCBuildConfiguration;
			buildSettings = {
				ASSETCATALOG_COMPILER_APPICON_NAME = AppIcon;
				CODE_SIGN_STYLE = Automatic;
				DEVELOPMENT_TEAM = 4337372SEU;
				INFOPLIST_FILE = UIExtensionDemo/Info.plist;
				LD_RUNPATH_SEARCH_PATHS = (
					"$(inherited)",
					"@executable_path/Frameworks",
				);
				PRODUCT_BUNDLE_IDENTIFIER = youminuo.UIExtensionDemo;
				PRODUCT_NAME = "$(TARGET_NAME)";
				TARGETED_DEVICE_FAMILY = "1,2";
			};
			name = Debug;
		};
		AC5CDFDC2154DB3000F73501 /* Release */ = {
			isa = XCBuildConfiguration;
			buildSettings = {
				ASSETCATALOG_COMPILER_APPICON_NAME = AppIcon;
				CODE_SIGN_STYLE = Automatic;
				DEVELOPMENT_TEAM = 4337372SEU;
				INFOPLIST_FILE = UIExtensionDemo/Info.plist;
				LD_RUNPATH_SEARCH_PATHS = (
					"$(inherited)",
					"@executable_path/Frameworks",
				);
				PRODUCT_BUNDLE_IDENTIFIER = youminuo.UIExtensionDemo;
				PRODUCT_NAME = "$(TARGET_NAME)";
				TARGETED_DEVICE_FAMILY = "1,2";
			};
			name = Release;
		};
/* End XCBuildConfiguration section */

/* Begin XCConfigurationList section */
		AC5CDFBF2154DB2F00F73501 /* Build configuration list for PBXProject "UIExtensionDemo" */ = {
			isa = XCConfigurationList;
			buildConfigurations = (
				AC5CDFD82154DB3000F73501 /* Debug */,
				AC5CDFD92154DB3000F73501 /* Release */,
			);
			defaultConfigurationIsVisible = 0;
			defaultConfigurationName = Release;
		};
		AC5CDFDA2154DB3000F73501 /* Build configuration list for PBXNativeTarget "UIExtensionDemo" */ = {
			isa = XCConfigurationList;
			buildConfigurations = (
				AC5CDFDB2154DB3000F73501 /* Debug */,
				AC5CDFDC2154DB3000F73501 /* Release */,
			);
			defaultConfigurationIsVisible = 0;
			defaultConfigurationName = Release;
		};
/* End XCConfigurationList section */
	};
	rootObject = AC5CDFBC2154DB2F00F73501 /* Project object */;
}
